{
  "name": "themes",
  "lockfileVersion": 3,
  "requires": true,
  "packages": {
    "": {
      "dependencies": {
        "vivliostyle-theme-carte": "file:../../../../../dotfiles/.config/nvim/book-preview/theme"
      }
    },
    "../../../../../dotfiles/.config/nvim/book-preview/theme": {
      "name": "vivliostyle-theme-carte",
      "version": "1.0.0"
    },
    "node_modules/vivliostyle-theme-carte": {
      "resolved": "../../../../../dotfiles/.config/nvim/book-preview/theme",
      "link": true
    }
  }
}
